<?xml version="1.0" encoding="utf-8"?>
<Project ToolsVersion="4.0" xmlns="http://schemas.microsoft.com/developer/msbuild/2003">
  <ItemGroup>
    <ClCompile Include="src\ofApp.cpp">
      <Filter>src</Filter>
    </ClCompile>
    <ClCompile Include="src\main.cpp">
      <Filter>src</Filter>
    </ClCompile>
    <ClCompile Include="src\main.cpp">
      <Filter>src</Filter>
    </ClCompile>
    <ClCompile Include="src\ofApp.cpp">
      <Filter>src</Filter>
    </ClCompile>
    <ClCompile Include="..\..\..\addons\ofx2DFigures\src\BoundingBox.cpp">
      <Filter>addons\ofx2DFigures\src</Filter>
    </ClCompile>
    <ClCompile Include="..\..\..\addons\ofx2DFigures\src\CollisionHelper.cpp">
      <Filter>addons\ofx2DFigures\src</Filter>
    </ClCompile>
    <ClCompile Include="..\..\..\addons\ofx2DFigures\src\Figure.cpp">
      <Filter>addons\ofx2DFigures\src</Filter>
    </ClCompile>
    <ClCompile Include="..\..\..\addons\ofx2DFigures\src\Polygon.cpp">
      <Filter>addons\ofx2DFigures\src</Filter>
    </ClCompile>
    <ClCompile Include="..\..\..\addons\ofx2DFigures\src\Triangulate.cpp">
      <Filter>addons\ofx2DFigures\src</Filter>
    </ClCompile>
    <ClCompile Include="..\..\..\addons\ofxGui\src\ofxBaseGui.cpp">
      <Filter>addons\ofxGui\src</Filter>
    </ClCompile>
    <ClCompile Include="..\..\..\addons\ofxGui\src\ofxButton.cpp">
      <Filter>addons\ofxGui\src</Filter>
    </ClCompile>
    <ClCompile Include="..\..\..\addons\ofxGui\src\ofxColorPicker.cpp">
      <Filter>addons\ofxGui\src</Filter>
    </ClCompile>
    <ClCompile Include="..\..\..\addons\ofxGui\src\ofxGuiGroup.cpp">
      <Filter>addons\ofxGui\src</Filter>
    </ClCompile>
    <ClCompile Include="..\..\..\addons\ofxGui\src\ofxInputField.cpp">
      <Filter>addons\ofxGui\src</Filter>
    </ClCompile>
    <ClCompile Include="..\..\..\addons\ofxGui\src\ofxLabel.cpp">
      <Filter>addons\ofxGui\src</Filter>
    </ClCompile>
    <ClCompile Include="..\..\..\addons\ofxGui\src\ofxPanel.cpp">
      <Filter>addons\ofxGui\src</Filter>
    </ClCompile>
    <ClCompile Include="..\..\..\addons\ofxGui\src\ofxSlider.cpp">
      <Filter>addons\ofxGui\src</Filter>
    </ClCompile>
    <ClCompile Include="..\..\..\addons\ofxGui\src\ofxSliderGroup.cpp">
      <Filter>addons\ofxGui\src</Filter>
    </ClCompile>
    <ClCompile Include="..\..\..\addons\ofxGui\src\ofxToggle.cpp">
      <Filter>addons\ofxGui\src</Filter>
    </ClCompile>
    <ClCompile Include="gameblock.cpp">
      <Filter>src</Filter>
    </ClCompile>
    <ClCompile Include="gameboard.cpp">
      <Filter>src</Filter>
    </ClCompile>
    <ClCompile Include="tetromino.cpp">
      <Filter>src</Filter>
    </ClCompile>
    <ClCompile Include="tetronimoshape.cpp">
      <Filter>src</Filter>
    </ClCompile>
  </ItemGroup>
  <ItemGroup>
    <Filter Include="src">
      <UniqueIdentifier>{d8376475-7454-4a24-b08a-aac121d3ad6f}</UniqueIdentifier>
    </Filter>
    <Filter Include="addons">
      <UniqueIdentifier>{71834F65-F3A9-211E-73B8-DC85}</UniqueIdentifier>
    </Filter>
    <Filter Include="addons\ofx2DFigures">
      <UniqueIdentifier>{3B0DA344-548D-1815-031B-7BE6}</UniqueIdentifier>
    </Filter>
    <Filter Include="addons\ofx2DFigures\src">
      <UniqueIdentifier>{D54DB575-27BF-BB59-A3BA-E1D0}</UniqueIdentifier>
    </Filter>
    <Filter Include="addons\ofxGui">
      <UniqueIdentifier>{4F2A59AF-5F4E-704B-D067-EC13}</UniqueIdentifier>
    </Filter>
    <Filter Include="addons\ofxGui\src">
      <UniqueIdentifier>{645E9533-4DCD-6179-1CDF-CB65}</UniqueIdentifier>
    </Filter>
  </ItemGroup>
  <ItemGroup>
    <ClInclude Include="src\ofApp.h">
      <Filter>src</Filter>
    </ClInclude>
    <ClInclude Include="src\ofApp.h">
      <Filter>src</Filter>
    </ClInclude>
    <ClInclude Include="..\..\..\addons\ofx2DFigures\src\BoundingBox.h">
      <Filter>addons\ofx2DFigures\src</Filter>
    </ClInclude>
    <ClInclude Include="..\..\..\addons\ofx2DFigures\src\CollisionHelper.h">
      <Filter>addons\ofx2DFigures\src</Filter>
    </ClInclude>
    <ClInclude Include="..\..\..\addons\ofx2DFigures\src\Figure.h">
      <Filter>addons\ofx2DFigures\src</Filter>
    </ClInclude>
    <ClInclude Include="..\..\..\addons\ofx2DFigures\src\Matrix.h">
      <Filter>addons\ofx2DFigures\src</Filter>
    </ClInclude>
    <ClInclude Include="..\..\..\addons\ofx2DFigures\src\Polygon.h">
      <Filter>addons\ofx2DFigures\src</Filter>
    </ClInclude>
    <ClInclude Include="..\..\..\addons\ofx2DFigures\src\TestTriangulation.h">
      <Filter>addons\ofx2DFigures\src</Filter>
    </ClInclude>
    <ClInclude Include="..\..\..\addons\ofx2DFigures\src\Triangulate.h">
      <Filter>addons\ofx2DFigures\src</Filter>
    </ClInclude>
    <ClInclude Include="..\..\..\addons\ofxGui\src\ofxBaseGui.h">
      <Filter>addons\ofxGui\src</Filter>
    </ClInclude>
    <ClInclude Include="..\..\..\addons\ofxGui\src\ofxButton.h">
      <Filter>addons\ofxGui\src</Filter>
    </ClInclude>
    <ClInclude Include="..\..\..\addons\ofxGui\src\ofxColorPicker.h">
      <Filter>addons\ofxGui\src</Filter>
    </ClInclude>
    <ClInclude Include="..\..\..\addons\ofxGui\src\ofxGui.h">
      <Filter>addons\ofxGui\src</Filter>
    </ClInclude>
    <ClInclude Include="..\..\..\addons\ofxGui\src\ofxGuiGroup.h">
      <Filter>addons\ofxGui\src</Filter>
    </ClInclude>
    <ClInclude Include="..\..\..\addons\ofxGui\src\ofxInputField.h">
      <Filter>addons\ofxGui\src</Filter>
    </ClInclude>
    <ClInclude Include="..\..\..\addons\ofxGui\src\ofxLabel.h">
      <Filter>addons\ofxGui\src</Filter>
    </ClInclude>
    <ClInclude Include="..\..\..\addons\ofxGui\src\ofxPanel.h">
      <Filter>addons\ofxGui\src</Filter>
    </ClInclude>
    <ClInclude Include="..\..\..\addons\ofxGui\src\ofxSlider.h">
      <Filter>addons\ofxGui\src</Filter>
    </ClInclude>
    <ClInclude Include="..\..\..\addons\ofxGui\src\ofxSliderGroup.h">
      <Filter>addons\ofxGui\src</Filter>
    </ClInclude>
    <ClInclude Include="..\..\..\addons\ofxGui\src\ofxToggle.h">
      <Filter>addons\ofxGui\src</Filter>
    </ClInclude>
    <ClInclude Include="gameboard.h">
      <Filter>src</Filter>
    </ClInclude>
    <ClInclude Include="gameblock.h">
      <Filter>src</Filter>
    </ClInclude>
    <ClInclude Include="tetromino.h">
      <Filter>src</Filter>
    </ClInclude>
    <ClInclude Include="tetronimoshape.h">
      <Filter>src</Filter>
    </ClInclude>
  </ItemGroup>
  <ItemGroup>
    <ResourceCompile Include="icon.rc" />
  </ItemGroup>
</Project>